
Microsoft Visual Studio Solution File, Format Version 12.00
# Visual Studio 14
VisualStudioVersion = 14.0.25420.1
MinimumVisualStudioVersion = 10.0.40219.1
Project("{2150E333-8FDC-42A3-9474-1A3956D46DE8}") = "MaiNguyen.Service", "MaiNguyen.Service", "{AC6EBD7D-BEDE-4E87-B4E6-B4773258A910}"
EndProject
Project("{2150E333-8FDC-42A3-9474-1A3956D46DE8}") = "MaiNguyen.Data", "MaiNguyen.Data", "{8E90B25F-3579-4DAC-9E57-84F36E0AE115}"
EndProject
Project("{2150E333-8FDC-42A3-9474-1A3956D46DE8}") = "MaiNguyen.Web", "MaiNguyen.Web", "{F1D94E37-0EFF-40B8-84B5-27DBF1B808FD}"
EndProject
Project("{FAE04EC0-301F-11D3-BF4B-00C04F79EFBC}") = "MaiNguyen.GUI", "MaiNguyen.GUI\MaiNguyen.GUI.csproj", "{17591CDE-4B8C-4E41-93D8-9544714982B0}"
	ProjectSection(ProjectDependencies) = postProject
		{2CBB7213-4552-4A30-8421-57B157A3AA6E} = {2CBB7213-4552-4A30-8421-57B157A3AA6E}
		{AA99BCA8-7141-4FD9-A2D3-9F6CF92E7E48} = {AA99BCA8-7141-4FD9-A2D3-9F6CF92E7E48}
		{16496EBC-7C3A-4723-BF5B-328E70D06A27} = {16496EBC-7C3A-4723-BF5B-328E70D06A27}
	EndProjectSection
EndProject
Project("{FAE04EC0-301F-11D3-BF4B-00C04F79EFBC}") = "MaiNguyen.Service", "MaiNguyen.Service\MaiNguyen.Service.csproj", "{AA99BCA8-7141-4FD9-A2D3-9F6CF92E7E48}"
	ProjectSection(ProjectDependencies) = postProject
		{2CBB7213-4552-4A30-8421-57B157A3AA6E} = {2CBB7213-4552-4A30-8421-57B157A3AA6E}
		{16496EBC-7C3A-4723-BF5B-328E70D06A27} = {16496EBC-7C3A-4723-BF5B-328E70D06A27}
	EndProjectSection
EndProject
Project("{FAE04EC0-301F-11D3-BF4B-00C04F79EFBC}") = "MaiNguyen.Data", "MaiNguyen.Data\MaiNguyen.Data.csproj", "{16496EBC-7C3A-4723-BF5B-328E70D06A27}"
	ProjectSection(ProjectDependencies) = postProject
		{2CBB7213-4552-4A30-8421-57B157A3AA6E} = {2CBB7213-4552-4A30-8421-57B157A3AA6E}
	EndProjectSection
EndProject
Project("{2150E333-8FDC-42A3-9474-1A3956D46DE8}") = "MaiNguyen.Entities", "MaiNguyen.Entities", "{5D311CC6-052B-40CC-970B-08E89D7C7482}"
EndProject
Project("{FAE04EC0-301F-11D3-BF4B-00C04F79EFBC}") = "MaiNguyen.Entities", "MaiNguyen.Entities\MaiNguyen.Entities.csproj", "{2CBB7213-4552-4A30-8421-57B157A3AA6E}"
EndProject
Project("{FAE04EC0-301F-11D3-BF4B-00C04F79EFBC}") = "MaiNguyen.GUI.Business", "MaiNguyen.GUI.Business\MaiNguyen.GUI.Business.csproj", "{1E01FBFA-5B97-4E12-B7E9-1BC49B0BF429}"
EndProject
Global
	GlobalSection(SolutionConfigurationPlatforms) = preSolution
		Debug|Any CPU = Debug|Any CPU
		Release|Any CPU = Release|Any CPU
	EndGlobalSection
	GlobalSection(ProjectConfigurationPlatforms) = postSolution
		{17591CDE-4B8C-4E41-93D8-9544714982B0}.Debug|Any CPU.ActiveCfg = Debug|Any CPU
		{17591CDE-4B8C-4E41-93D8-9544714982B0}.Debug|Any CPU.Build.0 = Debug|Any CPU
		{17591CDE-4B8C-4E41-93D8-9544714982B0}.Release|Any CPU.ActiveCfg = Release|Any CPU
		{17591CDE-4B8C-4E41-93D8-9544714982B0}.Release|Any CPU.Build.0 = Release|Any CPU
		{AA99BCA8-7141-4FD9-A2D3-9F6CF92E7E48}.Debug|Any CPU.ActiveCfg = Debug|Any CPU
		{AA99BCA8-7141-4FD9-A2D3-9F6CF92E7E48}.Debug|Any CPU.Build.0 = Debug|Any CPU
		{AA99BCA8-7141-4FD9-A2D3-9F6CF92E7E48}.Release|Any CPU.ActiveCfg = Release|Any CPU
		{AA99BCA8-7141-4FD9-A2D3-9F6CF92E7E48}.Release|Any CPU.Build.0 = Release|Any CPU
		{16496EBC-7C3A-4723-BF5B-328E70D06A27}.Debug|Any CPU.ActiveCfg = Debug|Any CPU
		{16496EBC-7C3A-4723-BF5B-328E70D06A27}.Debug|Any CPU.Build.0 = Debug|Any CPU
		{16496EBC-7C3A-4723-BF5B-328E70D06A27}.Release|Any CPU.ActiveCfg = Release|Any CPU
		{16496EBC-7C3A-4723-BF5B-328E70D06A27}.Release|Any CPU.Build.0 = Release|Any CPU
		{2CBB7213-4552-4A30-8421-57B157A3AA6E}.Debug|Any CPU.ActiveCfg = Debug|Any CPU
		{2CBB7213-4552-4A30-8421-57B157A3AA6E}.Debug|Any CPU.Build.0 = Debug|Any CPU
		{2CBB7213-4552-4A30-8421-57B157A3AA6E}.Release|Any CPU.ActiveCfg = Release|Any CPU
		{2CBB7213-4552-4A30-8421-57B157A3AA6E}.Release|Any CPU.Build.0 = Release|Any CPU
		{1E01FBFA-5B97-4E12-B7E9-1BC49B0BF429}.Debug|Any CPU.ActiveCfg = Debug|Any CPU
		{1E01FBFA-5B97-4E12-B7E9-1BC49B0BF429}.Debug|Any CPU.Build.0 = Debug|Any CPU
		{1E01FBFA-5B97-4E12-B7E9-1BC49B0BF429}.Release|Any CPU.ActiveCfg = Release|Any CPU
		{1E01FBFA-5B97-4E12-B7E9-1BC49B0BF429}.Release|Any CPU.Build.0 = Release|Any CPU
	EndGlobalSection
	GlobalSection(SolutionProperties) = preSolution
		HideSolutionNode = FALSE
	EndGlobalSection
	GlobalSection(NestedProjects) = preSolution
		{17591CDE-4B8C-4E41-93D8-9544714982B0} = {F1D94E37-0EFF-40B8-84B5-27DBF1B808FD}
		{AA99BCA8-7141-4FD9-A2D3-9F6CF92E7E48} = {AC6EBD7D-BEDE-4E87-B4E6-B4773258A910}
		{16496EBC-7C3A-4723-BF5B-328E70D06A27} = {8E90B25F-3579-4DAC-9E57-84F36E0AE115}
		{2CBB7213-4552-4A30-8421-57B157A3AA6E} = {5D311CC6-052B-40CC-970B-08E89D7C7482}
		{1E01FBFA-5B97-4E12-B7E9-1BC49B0BF429} = {F1D94E37-0EFF-40B8-84B5-27DBF1B808FD}
	EndGlobalSection
EndGlobal
